
Microsoft Visual Studio Solution File, Format Version 12.00
# Visual Studio Version 16
VisualStudioVersion = 16.0.29306.81
MinimumVisualStudioVersion = 10.0.40219.1
Project("{888888A0-9F3D-457C-B088-3A5042F75D52}") = "sock_chat", "sock_chat\sock_chat.pyproj", "{20FD9017-42CA-4ED2-A1B6-1336DAABDB76}"
EndProject
Global
	GlobalSection(SolutionConfigurationPlatforms) = preSolution
		Debug|Any CPU = Debug|Any CPU
		Release|Any CPU = Release|Any CPU
	EndGlobalSection
	GlobalSection(ProjectConfigurationPlatforms) = postSolution
		{20FD9017-42CA-4ED2-A1B6-1336DAABDB76}.Debug|Any CPU.ActiveCfg = Debug|Any CPU
		{20FD9017-42CA-4ED2-A1B6-1336DAABDB76}.Release|Any CPU.ActiveCfg = Release|Any CPU
	EndGlobalSection
	GlobalSection(SolutionProperties) = preSolution
		HideSolutionNode = FALSE
	EndGlobalSection
	GlobalSection(ExtensibilityGlobals) = postSolution
		SolutionGuid = {2CC7ED5D-DE0B-4C67-9209-F2B1EC0DAF10}
	EndGlobalSection
EndGlobal
